
Microsoft Visual Studio Solution File, Format Version 12.00
# Visual Studio 15
VisualStudioVersion = 15.0.27428.2037
MinimumVisualStudioVersion = 10.0.40219.1
Project("{FAE04EC0-301F-11D3-BF4B-00C04F79EFBC}") = "Angular5TF.Web", "Angular5TF\Angular5TF.Web.csproj", "{5309DCFC-B85E-4CE6-94A2-8797E41D62CF}"
EndProject
Global
	GlobalSection(SolutionConfigurationPlatforms) = preSolution
		Debug|Any CPU = Debug|Any CPU
		Release|Any CPU = Release|Any CPU
	EndGlobalSection
	GlobalSection(ProjectConfigurationPlatforms) = postSolution
		{5309DCFC-B85E-4CE6-94A2-8797E41D62CF}.Debug|Any CPU.ActiveCfg = Debug|Any CPU
		{5309DCFC-B85E-4CE6-94A2-8797E41D62CF}.Debug|Any CPU.Build.0 = Debug|Any CPU
		{5309DCFC-B85E-4CE6-94A2-8797E41D62CF}.Release|Any CPU.ActiveCfg = Release|Any CPU
		{5309DCFC-B85E-4CE6-94A2-8797E41D62CF}.Release|Any CPU.Build.0 = Release|Any CPU
	EndGlobalSection
	GlobalSection(SolutionProperties) = preSolution
		HideSolutionNode = FALSE
	EndGlobalSection
	GlobalSection(ExtensibilityGlobals) = postSolution
		SolutionGuid = {06E35893-FEF9-488A-BD0C-59388136FA75}
	EndGlobalSection
EndGlobal
